PODS:
  - Differentiator (3.1.0)
  - RxAtomic (4.4.0)
  - RxCocoa (4.4.0):
    - RxSwift (~> 4.0)
  - RxDataSources (3.1.0):
    - Differentiator (~> 3.0)
    - RxCocoa (~> 4.0)
    - RxSwift (~> 4.0)
  - RxFeedback (1.1.1):
    - RxCocoa (~> 4.0)
    - RxSwift (~> 4.0)
  - RxSwift (4.4.0):
    - RxAtomic (~> 4.4)
  - Swinject (2.5.0)
  - SwinjectStoryboard (2.1.0):
    - Swinject (~> 2.5)

DEPENDENCIES:
  - RxCocoa
  - RxDataSources
  - RxFeedback
  - RxSwift
  - Swinject
  - SwinjectStoryboard

SPEC REPOS:
  https://github.com/cocoapods/specs.git:
    - Differentiator
    - RxAtomic
    - RxCocoa
    - RxDataSources
    - RxFeedback
    - RxSwift
    - Swinject
    - SwinjectStoryboard

SPEC CHECKSUMS:
  Differentiator: be49ca3408f0ecfc761e4c7763d20c62be01b9ad
  RxAtomic: eacf60db868c96bfd63320e28619fe29c179656f
  RxCocoa: df63ebf7b9a70d6b4eeea407ed5dd4efc8979749
  RxDataSources: a843bad90c29817f5923ec8163f4af2de084ceb3
  RxFeedback: 640e317bc7f6c4914c39a2063c6d5c0e6c1aa65d
  RxSwift: 5976ecd04fc2fefd648827c23de5e11157faa973
  Swinject: 82cdb851f63f91bba974e3eca1d69780f2f7677e
  SwinjectStoryboard: 688f096033103e66ffcf6ca678211acd7d7be505

PODFILE CHECKSUM: 3c993928f23d7cc468869eae27016adade0524a4

COCOAPODS: 1.7.0
