// !$*UTF8*$!
{
	archiveVersion = 1;
	classes = {
	};
	objectVersion = 51;
	objects = {

/* Begin PBXBuildFile section */
		2C37D05B4719E340787C7DEF /* Pods_AwesomeStopwatchUITests.framework in Frameworks */ = {isa = PBXBuildFile; fileRef = 38BD0B1C886D8CEBABB9E897 /* Pods_AwesomeStopwatchUITests.framework */; };
		30D4B1036D1D365A04D47F91 /* Pods_AwesomeStopwatchTests.framework in Frameworks */ = {isa = PBXBuildFile; fileRef = A6BB70B63FA537D829BC0581 /* Pods_AwesomeStopwatchTests.framework */; };
		A5610FAB229ED6CC00C9B6C5 /* Lap.swift in Sources */ = {isa = PBXBuildFile; fileRef = A5610FAA229ED6CC00C9B6C5 /* Lap.swift */; };
		A5610FAD229ED72700C9B6C5 /* RunningState.swift in Sources */ = {isa = PBXBuildFile; fileRef = A5610FAC229ED72700C9B6C5 /* RunningState.swift */; };
		A5610FAF229ED79200C9B6C5 /* PausedState.swift in Sources */ = {isa = PBXBuildFile; fileRef = A5610FAE229ED79200C9B6C5 /* PausedState.swift */; };
		A5610FB3229EF4B300C9B6C5 /* LapTableViewCell.swift in Sources */ = {isa = PBXBuildFile; fileRef = A5610FB1229EF4B300C9B6C5 /* LapTableViewCell.swift */; };
		A5610FB4229EF4B300C9B6C5 /* LapTableViewCell.xib in Resources */ = {isa = PBXBuildFile; fileRef = A5610FB2229EF4B300C9B6C5 /* LapTableViewCell.xib */; };
		A5610FB7229EF73500C9B6C5 /* DurationConverter.swift in Sources */ = {isa = PBXBuildFile; fileRef = A5610FB6229EF73500C9B6C5 /* DurationConverter.swift */; };
		A562917C229F01A100C57B38 /* LapItem.swift in Sources */ = {isa = PBXBuildFile; fileRef = A562917B229F01A100C57B38 /* LapItem.swift */; };
		A5B91DAF229F123A007AA097 /* StopwatchStateHolder.swift in Sources */ = {isa = PBXBuildFile; fileRef = A5B91DAE229F123A007AA097 /* StopwatchStateHolder.swift */; };
		A5E70369229EA83800DBE636 /* AppDelegate.swift in Sources */ = {isa = PBXBuildFile; fileRef = A5E70368229EA83800DBE636 /* AppDelegate.swift */; };
		A5E7036E229EA83800DBE636 /* Main.storyboard in Resources */ = {isa = PBXBuildFile; fileRef = A5E7036C229EA83800DBE636 /* Main.storyboard */; };
		A5E70370229EA83900DBE636 /* Assets.xcassets in Resources */ = {isa = PBXBuildFile; fileRef = A5E7036F229EA83900DBE636 /* Assets.xcassets */; };
		A5E70373229EA83900DBE636 /* LaunchScreen.storyboard in Resources */ = {isa = PBXBuildFile; fileRef = A5E70371229EA83900DBE636 /* LaunchScreen.storyboard */; };
		A5E7037E229EA83900DBE636 /* AwesomeStopwatchTests.swift in Sources */ = {isa = PBXBuildFile; fileRef = A5E7037D229EA83900DBE636 /* AwesomeStopwatchTests.swift */; };
		A5E70389229EA83900DBE636 /* AwesomeStopwatchUITests.swift in Sources */ = {isa = PBXBuildFile; fileRef = A5E70388229EA83900DBE636 /* AwesomeStopwatchUITests.swift */; };
		A5E7039A229EACCE00DBE636 /* DependenciesContainer.swift in Sources */ = {isa = PBXBuildFile; fileRef = A5E70399229EACCE00DBE636 /* DependenciesContainer.swift */; };
		A5E7039D229EAD8100DBE636 /* StopwatchViewController.swift in Sources */ = {isa = PBXBuildFile; fileRef = A5E7039C229EAD8100DBE636 /* StopwatchViewController.swift */; };
		A5E7039F229EAD9700DBE636 /* StopwatchViewModel.swift in Sources */ = {isa = PBXBuildFile; fileRef = A5E7039E229EAD9700DBE636 /* StopwatchViewModel.swift */; };
		A5E703A1229EAE4900DBE636 /* StopwatchAssembly.swift in Sources */ = {isa = PBXBuildFile; fileRef = A5E703A0229EAE4900DBE636 /* StopwatchAssembly.swift */; };
		A5E703A4229EB48C00DBE636 /* State.swift in Sources */ = {isa = PBXBuildFile; fileRef = A5E703A3229EB48C00DBE636 /* State.swift */; };
		A5E703A6229EB60000DBE636 /* Action.swift in Sources */ = {isa = PBXBuildFile; fileRef = A5E703A5229EB60000DBE636 /* Action.swift */; };
		E77DE490B4FA9B7658E93002 /* Pods_AwesomeStopwatch.framework in Frameworks */ = {isa = PBXBuildFile; fileRef = DA6A9E18632A0BB5E17B0C76 /* Pods_AwesomeStopwatch.framework */; };
/* End PBXBuildFile section */

/* Begin PBXContainerItemProxy section */
		A5E7037A229EA83900DBE636 /* PBXContainerItemProxy */ = {
			isa = PBXContainerItemProxy;
			containerPortal = A5E7035D229EA83800DBE636 /* Project object */;
			proxyType = 1;
			remoteGlobalIDString = A5E70364229EA83800DBE636;
			remoteInfo = AwesomeStopwatch;
		};
		A5E70385229EA83900DBE636 /* PBXContainerItemProxy */ = {
			isa = PBXContainerItemProxy;
			containerPortal = A5E7035D229EA83800DBE636 /* Project object */;
			proxyType = 1;
			remoteGlobalIDString = A5E70364229EA83800DBE636;
			remoteInfo = AwesomeStopwatch;
		};
/* End PBXContainerItemProxy section */

/* Begin PBXFileReference section */
		1789CAD9A8FFA1C2A2515594 /* Pods-AwesomeStopwatchUITests.release.xcconfig */ = {isa = PBXFileReference; includeInIndex = 1; lastKnownFileType = text.xcconfig; name = "Pods-AwesomeStopwatchUITests.release.xcconfig"; path = "Target Support Files/Pods-AwesomeStopwatchUITests/Pods-AwesomeStopwatchUITests.release.xcconfig"; sourceTree = "<group>"; };
		38BD0B1C886D8CEBABB9E897 /* Pods_AwesomeStopwatchUITests.framework */ = {isa = PBXFileReference; explicitFileType = wrapper.framework; includeInIndex = 0; path = Pods_AwesomeStopwatchUITests.framework; sourceTree = BUILT_PRODUCTS_DIR; };
		3D4AC631784A18416C19DC7D /* Pods-AwesomeStopwatchTests.release.xcconfig */ = {isa = PBXFileReference; includeInIndex = 1; lastKnownFileType = text.xcconfig; name = "Pods-AwesomeStopwatchTests.release.xcconfig"; path = "Target Support Files/Pods-AwesomeStopwatchTests/Pods-AwesomeStopwatchTests.release.xcconfig"; sourceTree = "<group>"; };
		5614B4F5283C9E3A5DB63A75 /* Pods-AwesomeStopwatchTests.debug.xcconfig */ = {isa = PBXFileReference; includeInIndex = 1; lastKnownFileType = text.xcconfig; name = "Pods-AwesomeStopwatchTests.debug.xcconfig"; path = "Target Support Files/Pods-AwesomeStopwatchTests/Pods-AwesomeStopwatchTests.debug.xcconfig"; sourceTree = "<group>"; };
		701A1C80E0E6B3F086D1BBFD /* Pods-AwesomeStopwatchUITests.debug.xcconfig */ = {isa = PBXFileReference; includeInIndex = 1; lastKnownFileType = text.xcconfig; name = "Pods-AwesomeStopwatchUITests.debug.xcconfig"; path = "Target Support Files/Pods-AwesomeStopwatchUITests/Pods-AwesomeStopwatchUITests.debug.xcconfig"; sourceTree = "<group>"; };
		A5610FAA229ED6CC00C9B6C5 /* Lap.swift */ = {isa = PBXFileReference; lastKnownFileType = sourcecode.swift; path = Lap.swift; sourceTree = "<group>"; };
		A5610FAC229ED72700C9B6C5 /* RunningState.swift */ = {isa = PBXFileReference; lastKnownFileType = sourcecode.swift; path = RunningState.swift; sourceTree = "<group>"; };
		A5610FAE229ED79200C9B6C5 /* PausedState.swift */ = {isa = PBXFileReference; lastKnownFileType = sourcecode.swift; path = PausedState.swift; sourceTree = "<group>"; };
		A5610FB1229EF4B300C9B6C5 /* LapTableViewCell.swift */ = {isa = PBXFileReference; lastKnownFileType = sourcecode.swift; path = LapTableViewCell.swift; sourceTree = "<group>"; };
		A5610FB2229EF4B300C9B6C5 /* LapTableViewCell.xib */ = {isa = PBXFileReference; lastKnownFileType = file.xib; path = LapTableViewCell.xib; sourceTree = "<group>"; };
		A5610FB6229EF73500C9B6C5 /* DurationConverter.swift */ = {isa = PBXFileReference; lastKnownFileType = sourcecode.swift; path = DurationConverter.swift; sourceTree = "<group>"; };
		A562917B229F01A100C57B38 /* LapItem.swift */ = {isa = PBXFileReference; lastKnownFileType = sourcecode.swift; path = LapItem.swift; sourceTree = "<group>"; };
		A5B91DAE229F123A007AA097 /* StopwatchStateHolder.swift */ = {isa = PBXFileReference; lastKnownFileType = sourcecode.swift; path = StopwatchStateHolder.swift; sourceTree = "<group>"; };
		A5E70365229EA83800DBE636 /* AwesomeStopwatch.app */ = {isa = PBXFileReference; explicitFileType = wrapper.application; includeInIndex = 0; path = AwesomeStopwatch.app; sourceTree = BUILT_PRODUCTS_DIR; };
		A5E70368229EA83800DBE636 /* AppDelegate.swift */ = {isa = PBXFileReference; lastKnownFileType = sourcecode.swift; path = AppDelegate.swift; sourceTree = "<group>"; };
		A5E7036D229EA83800DBE636 /* Base */ = {isa = PBXFileReference; lastKnownFileType = file.storyboard; name = Base; path = Base.lproj/Main.storyboard; sourceTree = "<group>"; };
		A5E7036F229EA83900DBE636 /* Assets.xcassets */ = {isa = PBXFileReference; lastKnownFileType = folder.assetcatalog; path = Assets.xcassets; sourceTree = "<group>"; };
		A5E70372229EA83900DBE636 /* Base */ = {isa = PBXFileReference; lastKnownFileType = file.storyboard; name = Base; path = Base.lproj/LaunchScreen.storyboard; sourceTree = "<group>"; };
		A5E70374229EA83900DBE636 /* Info.plist */ = {isa = PBXFileReference; lastKnownFileType = text.plist.xml; path = Info.plist; sourceTree = "<group>"; };
		A5E70379229EA83900DBE636 /* AwesomeStopwatchTests.xctest */ = {isa = PBXFileReference; explicitFileType = wrapper.cfbundle; includeInIndex = 0; path = AwesomeStopwatchTests.xctest; sourceTree = BUILT_PRODUCTS_DIR; };
		A5E7037D229EA83900DBE636 /* AwesomeStopwatchTests.swift */ = {isa = PBXFileReference; lastKnownFileType = sourcecode.swift; path = AwesomeStopwatchTests.swift; sourceTree = "<group>"; };
		A5E7037F229EA83900DBE636 /* Info.plist */ = {isa = PBXFileReference; lastKnownFileType = text.plist.xml; path = Info.plist; sourceTree = "<group>"; };
		A5E70384229EA83900DBE636 /* AwesomeStopwatchUITests.xctest */ = {isa = PBXFileReference; explicitFileType = wrapper.cfbundle; includeInIndex = 0; path = AwesomeStopwatchUITests.xctest; sourceTree = BUILT_PRODUCTS_DIR; };
		A5E70388229EA83900DBE636 /* AwesomeStopwatchUITests.swift */ = {isa = PBXFileReference; lastKnownFileType = sourcecode.swift; path = AwesomeStopwatchUITests.swift; sourceTree = "<group>"; };
		A5E7038A229EA83900DBE636 /* Info.plist */ = {isa = PBXFileReference; lastKnownFileType = text.plist.xml; path = Info.plist; sourceTree = "<group>"; };
		A5E70399229EACCE00DBE636 /* DependenciesContainer.swift */ = {isa = PBXFileReference; fileEncoding = 4; lastKnownFileType = sourcecode.swift; path = DependenciesContainer.swift; sourceTree = "<group>"; };
		A5E7039C229EAD8100DBE636 /* StopwatchViewController.swift */ = {isa = PBXFileReference; lastKnownFileType = sourcecode.swift; path = StopwatchViewController.swift; sourceTree = "<group>"; };
		A5E7039E229EAD9700DBE636 /* StopwatchViewModel.swift */ = {isa = PBXFileReference; lastKnownFileType = sourcecode.swift; path = StopwatchViewModel.swift; sourceTree = "<group>"; };
		A5E703A0229EAE4900DBE636 /* StopwatchAssembly.swift */ = {isa = PBXFileReference; lastKnownFileType = sourcecode.swift; path = StopwatchAssembly.swift; sourceTree = "<group>"; };
		A5E703A3229EB48C00DBE636 /* State.swift */ = {isa = PBXFileReference; lastKnownFileType = sourcecode.swift; path = State.swift; sourceTree = "<group>"; };
		A5E703A5229EB60000DBE636 /* Action.swift */ = {isa = PBXFileReference; lastKnownFileType = sourcecode.swift; path = Action.swift; sourceTree = "<group>"; };
		A6BB70B63FA537D829BC0581 /* Pods_AwesomeStopwatchTests.framework */ = {isa = PBXFileReference; explicitFileType = wrapper.framework; includeInIndex = 0; path = Pods_AwesomeStopwatchTests.framework; sourceTree = BUILT_PRODUCTS_DIR; };
		D8F53CF50515B83C6A597F95 /* Pods-AwesomeStopwatch.release.xcconfig */ = {isa = PBXFileReference; includeInIndex = 1; lastKnownFileType = text.xcconfig; name = "Pods-AwesomeStopwatch.release.xcconfig"; path = "Target Support Files/Pods-AwesomeStopwatch/Pods-AwesomeStopwatch.release.xcconfig"; sourceTree = "<group>"; };
		DA6A9E18632A0BB5E17B0C76 /* Pods_AwesomeStopwatch.framework */ = {isa = PBXFileReference; explicitFileType = wrapper.framework; includeInIndex = 0; path = Pods_AwesomeStopwatch.framework; sourceTree = BUILT_PRODUCTS_DIR; };
		F4CF39F3498C0F152F472CD7 /* Pods-AwesomeStopwatch.debug.xcconfig */ = {isa = PBXFileReference; includeInIndex = 1; lastKnownFileType = text.xcconfig; name = "Pods-AwesomeStopwatch.debug.xcconfig"; path = "Target Support Files/Pods-AwesomeStopwatch/Pods-AwesomeStopwatch.debug.xcconfig"; sourceTree = "<group>"; };
/* End PBXFileReference section */

/* Begin PBXFrameworksBuildPhase section */
		A5E70362229EA83800DBE636 /* Frameworks */ = {
			isa = PBXFrameworksBuildPhase;
			buildActionMask = 2147483647;
			files = (
				E77DE490B4FA9B7658E93002 /* Pods_AwesomeStopwatch.framework in Frameworks */,
			);
			runOnlyForDeploymentPostprocessing = 0;
		};
		A5E70376229EA83900DBE636 /* Frameworks */ = {
			isa = PBXFrameworksBuildPhase;
			buildActionMask = 2147483647;
			files = (
				30D4B1036D1D365A04D47F91 /* Pods_AwesomeStopwatchTests.framework in Frameworks */,
			);
			runOnlyForDeploymentPostprocessing = 0;
		};
		A5E70381229EA83900DBE636 /* Frameworks */ = {
			isa = PBXFrameworksBuildPhase;
			buildActionMask = 2147483647;
			files = (
				2C37D05B4719E340787C7DEF /* Pods_AwesomeStopwatchUITests.framework in Frameworks */,
			);
			runOnlyForDeploymentPostprocessing = 0;
		};
/* End PBXFrameworksBuildPhase section */

/* Begin PBXGroup section */
		4F68865B6A2C7688E5CFB385 /* Frameworks */ = {
			isa = PBXGroup;
			children = (
				DA6A9E18632A0BB5E17B0C76 /* Pods_AwesomeStopwatch.framework */,
				A6BB70B63FA537D829BC0581 /* Pods_AwesomeStopwatchTests.framework */,
				38BD0B1C886D8CEBABB9E897 /* Pods_AwesomeStopwatchUITests.framework */,
			);
			name = Frameworks;
			sourceTree = "<group>";
		};
		A5610FB0229EF41200C9B6C5 /* Cells */ = {
			isa = PBXGroup;
			children = (
				A5610FB1229EF4B300C9B6C5 /* LapTableViewCell.swift */,
				A5610FB2229EF4B300C9B6C5 /* LapTableViewCell.xib */,
			);
			path = Cells;
			sourceTree = "<group>";
		};
		A5610FB5229EF6F800C9B6C5 /* Utils */ = {
			isa = PBXGroup;
			children = (
				A5610FB6229EF73500C9B6C5 /* DurationConverter.swift */,
				A5B91DAE229F123A007AA097 /* StopwatchStateHolder.swift */,
			);
			path = Utils;
			sourceTree = "<group>";
		};
		A562917A229F017F00C57B38 /* UIModels */ = {
			isa = PBXGroup;
			children = (
				A562917B229F01A100C57B38 /* LapItem.swift */,
			);
			path = UIModels;
			sourceTree = "<group>";
		};
		A5E7035C229EA83800DBE636 = {
			isa = PBXGroup;
			children = (
				A5E70367229EA83800DBE636 /* AwesomeStopwatch */,
				A5E7037C229EA83900DBE636 /* AwesomeStopwatchTests */,
				A5E70387229EA83900DBE636 /* AwesomeStopwatchUITests */,
				A5E70366229EA83800DBE636 /* Products */,
				FD8FA071B78A710251868687 /* Pods */,
				4F68865B6A2C7688E5CFB385 /* Frameworks */,
			);
			sourceTree = "<group>";
		};
		A5E70366229EA83800DBE636 /* Products */ = {
			isa = PBXGroup;
			children = (
				A5E70365229EA83800DBE636 /* AwesomeStopwatch.app */,
				A5E70379229EA83900DBE636 /* AwesomeStopwatchTests.xctest */,
				A5E70384229EA83900DBE636 /* AwesomeStopwatchUITests.xctest */,
			);
			name = Products;
			sourceTree = "<group>";
		};
		A5E70367229EA83800DBE636 /* AwesomeStopwatch */ = {
			isa = PBXGroup;
			children = (
				A5E7039B229EACD100DBE636 /* Stopwatch */,
				A5E70399229EACCE00DBE636 /* DependenciesContainer.swift */,
				A5E70368229EA83800DBE636 /* AppDelegate.swift */,
				A5E7036C229EA83800DBE636 /* Main.storyboard */,
				A5E7036F229EA83900DBE636 /* Assets.xcassets */,
				A5E70371229EA83900DBE636 /* LaunchScreen.storyboard */,
				A5E70374229EA83900DBE636 /* Info.plist */,
			);
			path = AwesomeStopwatch;
			sourceTree = "<group>";
		};
		A5E7037C229EA83900DBE636 /* AwesomeStopwatchTests */ = {
			isa = PBXGroup;
			children = (
				A5E7037D229EA83900DBE636 /* AwesomeStopwatchTests.swift */,
				A5E7037F229EA83900DBE636 /* Info.plist */,
			);
			path = AwesomeStopwatchTests;
			sourceTree = "<group>";
		};
		A5E70387229EA83900DBE636 /* AwesomeStopwatchUITests */ = {
			isa = PBXGroup;
			children = (
				A5E70388229EA83900DBE636 /* AwesomeStopwatchUITests.swift */,
				A5E7038A229EA83900DBE636 /* Info.plist */,
			);
			path = AwesomeStopwatchUITests;
			sourceTree = "<group>";
		};
		A5E7039B229EACD100DBE636 /* Stopwatch */ = {
			isa = PBXGroup;
			children = (
				A562917A229F017F00C57B38 /* UIModels */,
				A5610FB5229EF6F800C9B6C5 /* Utils */,
				A5610FB0229EF41200C9B6C5 /* Cells */,
				A5E703A2229EB47000DBE636 /* Models */,
				A5E7039C229EAD8100DBE636 /* StopwatchViewController.swift */,
				A5E7039E229EAD9700DBE636 /* StopwatchViewModel.swift */,
				A5E703A0229EAE4900DBE636 /* StopwatchAssembly.swift */,
			);
			path = Stopwatch;
			sourceTree = "<group>";
		};
		A5E703A2229EB47000DBE636 /* Models */ = {
			isa = PBXGroup;
			children = (
				A5E703A3229EB48C00DBE636 /* State.swift */,
				A5E703A5229EB60000DBE636 /* Action.swift */,
				A5610FAA229ED6CC00C9B6C5 /* Lap.swift */,
				A5610FAC229ED72700C9B6C5 /* RunningState.swift */,
				A5610FAE229ED79200C9B6C5 /* PausedState.swift */,
			);
			path = Models;
			sourceTree = "<group>";
		};
		FD8FA071B78A710251868687 /* Pods */ = {
			isa = PBXGroup;
			children = (
				F4CF39F3498C0F152F472CD7 /* Pods-AwesomeStopwatch.debug.xcconfig */,
				D8F53CF50515B83C6A597F95 /* Pods-AwesomeStopwatch.release.xcconfig */,
				5614B4F5283C9E3A5DB63A75 /* Pods-AwesomeStopwatchTests.debug.xcconfig */,
				3D4AC631784A18416C19DC7D /* Pods-AwesomeStopwatchTests.release.xcconfig */,
				701A1C80E0E6B3F086D1BBFD /* Pods-AwesomeStopwatchUITests.debug.xcconfig */,
				1789CAD9A8FFA1C2A2515594 /* Pods-AwesomeStopwatchUITests.release.xcconfig */,
			);
			path = Pods;
			sourceTree = "<group>";
		};
/* End PBXGroup section */

/* Begin PBXNativeTarget section */
		A5E70364229EA83800DBE636 /* AwesomeStopwatch */ = {
			isa = PBXNativeTarget;
			buildConfigurationList = A5E7038D229EA83900DBE636 /* Build configuration list for PBXNativeTarget "AwesomeStopwatch" */;
			buildPhases = (
				FEFD89F59B5989BA917D752D /* [CP] Check Pods Manifest.lock */,
				A5E70361229EA83800DBE636 /* Sources */,
				A5E70362229EA83800DBE636 /* Frameworks */,
				A5E70363229EA83800DBE636 /* Resources */,
				DC7201376BE644E41B4B8A8B /* [CP] Embed Pods Frameworks */,
				A583A4A6229F951F00941143 /* SwiftLint */,
			);
			buildRules = (
			);
			dependencies = (
			);
			name = AwesomeStopwatch;
			productName = AwesomeStopwatch;
			productReference = A5E70365229EA83800DBE636 /* AwesomeStopwatch.app */;
			productType = "com.apple.product-type.application";
		};
		A5E70378229EA83900DBE636 /* AwesomeStopwatchTests */ = {
			isa = PBXNativeTarget;
			buildConfigurationList = A5E70390229EA83900DBE636 /* Build configuration list for PBXNativeTarget "AwesomeStopwatchTests" */;
			buildPhases = (
				89B3FC1BC116D88F021F9267 /* [CP] Check Pods Manifest.lock */,
				A5E70375229EA83900DBE636 /* Sources */,
				A5E70376229EA83900DBE636 /* Frameworks */,
				A5E70377229EA83900DBE636 /* Resources */,
				528A8C956CAA4DE448C266F6 /* [CP] Embed Pods Frameworks */,
			);
			buildRules = (
			);
			dependencies = (
				A5E7037B229EA83900DBE636 /* PBXTargetDependency */,
			);
			name = AwesomeStopwatchTests;
			productName = AwesomeStopwatchTests;
			productReference = A5E70379229EA83900DBE636 /* AwesomeStopwatchTests.xctest */;
			productType = "com.apple.product-type.bundle.unit-test";
		};
		A5E70383229EA83900DBE636 /* AwesomeStopwatchUITests */ = {
			isa = PBXNativeTarget;
			buildConfigurationList = A5E70393229EA83900DBE636 /* Build configuration list for PBXNativeTarget "AwesomeStopwatchUITests" */;
			buildPhases = (
				C10D86752F7F685B74E2FFF1 /* [CP] Check Pods Manifest.lock */,
				A5E70380229EA83900DBE636 /* Sources */,
				A5E70381229EA83900DBE636 /* Frameworks */,
				A5E70382229EA83900DBE636 /* Resources */,
			);
			buildRules = (
			);
			dependencies = (
				A5E70386229EA83900DBE636 /* PBXTargetDependency */,
			);
			name = AwesomeStopwatchUITests;
			productName = AwesomeStopwatchUITests;
			productReference = A5E70384229EA83900DBE636 /* AwesomeStopwatchUITests.xctest */;
			productType = "com.apple.product-type.bundle.ui-testing";
		};
/* End PBXNativeTarget section */

/* Begin PBXProject section */
		A5E7035D229EA83800DBE636 /* Project object */ = {
			isa = PBXProject;
			attributes = {
				LastSwiftUpdateCheck = 1020;
				LastUpgradeCheck = 1020;
				ORGANIZATIONNAME = "Sergey V. Krupov";
				TargetAttributes = {
					A5E70364229EA83800DBE636 = {
						CreatedOnToolsVersion = 10.2.1;
					};
					A5E70378229EA83900DBE636 = {
						CreatedOnToolsVersion = 10.2.1;
						TestTargetID = A5E70364229EA83800DBE636;
					};
					A5E70383229EA83900DBE636 = {
						CreatedOnToolsVersion = 10.2.1;
						TestTargetID = A5E70364229EA83800DBE636;
					};
				};
			};
			buildConfigurationList = A5E70360229EA83800DBE636 /* Build configuration list for PBXProject "AwesomeStopwatch" */;
			compatibilityVersion = "Xcode 9.3";
			developmentRegion = en;
			hasScannedForEncodings = 0;
			knownRegions = (
				en,
				Base,
			);
			mainGroup = A5E7035C229EA83800DBE636;
			productRefGroup = A5E70366229EA83800DBE636 /* Products */;
			projectDirPath = "";
			projectRoot = "";
			targets = (
				A5E70364229EA83800DBE636 /* AwesomeStopwatch */,
				A5E70378229EA83900DBE636 /* AwesomeStopwatchTests */,
				A5E70383229EA83900DBE636 /* AwesomeStopwatchUITests */,
			);
		};
/* End PBXProject section */

/* Begin PBXResourcesBuildPhase section */
		A5E70363229EA83800DBE636 /* Resources */ = {
			isa = PBXResourcesBuildPhase;
			buildActionMask = 2147483647;
			files = (
				A5E70373229EA83900DBE636 /* LaunchScreen.storyboard in Resources */,
				A5610FB4229EF4B300C9B6C5 /* LapTableViewCell.xib in Resources */,
				A5E70370229EA83900DBE636 /* Assets.xcassets in Resources */,
				A5E7036E229EA83800DBE636 /* Main.storyboard in Resources */,
			);
			runOnlyForDeploymentPostprocessing = 0;
		};
		A5E70377229EA83900DBE636 /* Resources */ = {
			isa = PBXResourcesBuildPhase;
			buildActionMask = 2147483647;
			files = (
			);
			runOnlyForDeploymentPostprocessing = 0;
		};
		A5E70382229EA83900DBE636 /* Resources */ = {
			isa = PBXResourcesBuildPhase;
			buildActionMask = 2147483647;
			files = (
			);
			runOnlyForDeploymentPostprocessing = 0;
		};
/* End PBXResourcesBuildPhase section */

/* Begin PBXShellScriptBuildPhase section */
		528A8C956CAA4DE448C266F6 /* [CP] Embed Pods Frameworks */ = {
			isa = PBXShellScriptBuildPhase;
			buildActionMask = 2147483647;
			files = (
			);
			inputFileListPaths = (
				"${PODS_ROOT}/Target Support Files/Pods-AwesomeStopwatchTests/Pods-AwesomeStopwatchTests-frameworks-${CONFIGURATION}-input-files.xcfilelist",
			);
			name = "[CP] Embed Pods Frameworks";
			outputFileListPaths = (
				"${PODS_ROOT}/Target Support Files/Pods-AwesomeStopwatchTests/Pods-AwesomeStopwatchTests-frameworks-${CONFIGURATION}-output-files.xcfilelist",
			);
			runOnlyForDeploymentPostprocessing = 0;
			shellPath = /bin/sh;
			shellScript = "\"${PODS_ROOT}/Target Support Files/Pods-AwesomeStopwatchTests/Pods-AwesomeStopwatchTests-frameworks.sh\"\n";
			showEnvVarsInLog = 0;
		};
		89B3FC1BC116D88F021F9267 /* [CP] Check Pods Manifest.lock */ = {
			isa = PBXShellScriptBuildPhase;
			buildActionMask = 2147483647;
			files = (
			);
			inputFileListPaths = (
			);
			inputPaths = (
				"${PODS_PODFILE_DIR_PATH}/Podfile.lock",
				"${PODS_ROOT}/Manifest.lock",
			);
			name = "[CP] Check Pods Manifest.lock";
			outputFileListPaths = (
			);
			outputPaths = (
				"$(DERIVED_FILE_DIR)/Pods-AwesomeStopwatchTests-checkManifestLockResult.txt",
			);
			runOnlyForDeploymentPostprocessing = 0;
			shellPath = /bin/sh;
			shellScript = "diff \"${PODS_PODFILE_DIR_PATH}/Podfile.lock\" \"${PODS_ROOT}/Manifest.lock\" > /dev/null\nif [ $? != 0 ] ; then\n    # print error to STDERR\n    echo \"error: The sandbox is not in sync with the Podfile.lock. Run 'pod install' or update your CocoaPods installation.\" >&2\n    exit 1\nfi\n# This output is used by Xcode 'outputs' to avoid re-running this script phase.\necho \"SUCCESS\" > \"${SCRIPT_OUTPUT_FILE_0}\"\n";
			showEnvVarsInLog = 0;
		};
		A583A4A6229F951F00941143 /* SwiftLint */ = {
			isa = PBXShellScriptBuildPhase;
			buildActionMask = 2147483647;
			files = (
			);
			inputFileListPaths = (
			);
			inputPaths = (
			);
			name = SwiftLint;
			outputFileListPaths = (
			);
			outputPaths = (
			);
			runOnlyForDeploymentPostprocessing = 0;
			shellPath = /bin/sh;
			shellScript = "\"${PODS_ROOT}/SwiftLint/swiftlint\"\n";
		};
		C10D86752F7F685B74E2FFF1 /* [CP] Check Pods Manifest.lock */ = {
			isa = PBXShellScriptBuildPhase;
			buildActionMask = 2147483647;
			files = (
			);
			inputFileListPaths = (
			);
			inputPaths = (
				"${PODS_PODFILE_DIR_PATH}/Podfile.lock",
				"${PODS_ROOT}/Manifest.lock",
			);
			name = "[CP] Check Pods Manifest.lock";
			outputFileListPaths = (
			);
			outputPaths = (
				"$(DERIVED_FILE_DIR)/Pods-AwesomeStopwatchUITests-checkManifestLockResult.txt",
			);
			runOnlyForDeploymentPostprocessing = 0;
			shellPath = /bin/sh;
			shellScript = "diff \"${PODS_PODFILE_DIR_PATH}/Podfile.lock\" \"${PODS_ROOT}/Manifest.lock\" > /dev/null\nif [ $? != 0 ] ; then\n    # print error to STDERR\n    echo \"error: The sandbox is not in sync with the Podfile.lock. Run 'pod install' or update your CocoaPods installation.\" >&2\n    exit 1\nfi\n# This output is used by Xcode 'outputs' to avoid re-running this script phase.\necho \"SUCCESS\" > \"${SCRIPT_OUTPUT_FILE_0}\"\n";
			showEnvVarsInLog = 0;
		};
		DC7201376BE644E41B4B8A8B /* [CP] Embed Pods Frameworks */ = {
			isa = PBXShellScriptBuildPhase;
			buildActionMask = 2147483647;
			files = (
			);
			inputFileListPaths = (
				"${PODS_ROOT}/Target Support Files/Pods-AwesomeStopwatch/Pods-AwesomeStopwatch-frameworks-${CONFIGURATION}-input-files.xcfilelist",
			);
			name = "[CP] Embed Pods Frameworks";
			outputFileListPaths = (
				"${PODS_ROOT}/Target Support Files/Pods-AwesomeStopwatch/Pods-AwesomeStopwatch-frameworks-${CONFIGURATION}-output-files.xcfilelist",
			);
			runOnlyForDeploymentPostprocessing = 0;
			shellPath = /bin/sh;
			shellScript = "\"${PODS_ROOT}/Target Support Files/Pods-AwesomeStopwatch/Pods-AwesomeStopwatch-frameworks.sh\"\n";
			showEnvVarsInLog = 0;
		};
		FEFD89F59B5989BA917D752D /* [CP] Check Pods Manifest.lock */ = {
			isa = PBXShellScriptBuildPhase;
			buildActionMask = 2147483647;
			files = (
			);
			inputFileListPaths = (
			);
			inputPaths = (
				"${PODS_PODFILE_DIR_PATH}/Podfile.lock",
				"${PODS_ROOT}/Manifest.lock",
			);
			name = "[CP] Check Pods Manifest.lock";
			outputFileListPaths = (
			);
			outputPaths = (
				"$(DERIVED_FILE_DIR)/Pods-AwesomeStopwatch-checkManifestLockResult.txt",
			);
			runOnlyForDeploymentPostprocessing = 0;
			shellPath = /bin/sh;
			shellScript = "diff \"${PODS_PODFILE_DIR_PATH}/Podfile.lock\" \"${PODS_ROOT}/Manifest.lock\" > /dev/null\nif [ $? != 0 ] ; then\n    # print error to STDERR\n    echo \"error: The sandbox is not in sync with the Podfile.lock. Run 'pod install' or update your CocoaPods installation.\" >&2\n    exit 1\nfi\n# This output is used by Xcode 'outputs' to avoid re-running this script phase.\necho \"SUCCESS\" > \"${SCRIPT_OUTPUT_FILE_0}\"\n";
			showEnvVarsInLog = 0;
		};
/* End PBXShellScriptBuildPhase section */

/* Begin PBXSourcesBuildPhase section */
		A5E70361229EA83800DBE636 /* Sources */ = {
			isa = PBXSourcesBuildPhase;
			buildActionMask = 2147483647;
			files = (
				A5E7039F229EAD9700DBE636 /* StopwatchViewModel.swift in Sources */,
				A5610FAB229ED6CC00C9B6C5 /* Lap.swift in Sources */,
				A5E703A1229EAE4900DBE636 /* StopwatchAssembly.swift in Sources */,
				A5E7039D229EAD8100DBE636 /* StopwatchViewController.swift in Sources */,
				A5610FAD229ED72700C9B6C5 /* RunningState.swift in Sources */,
				A562917C229F01A100C57B38 /* LapItem.swift in Sources */,
				A5E7039A229EACCE00DBE636 /* DependenciesContainer.swift in Sources */,
				A5B91DAF229F123A007AA097 /* StopwatchStateHolder.swift in Sources */,
				A5E70369229EA83800DBE636 /* AppDelegate.swift in Sources */,
				A5610FAF229ED79200C9B6C5 /* PausedState.swift in Sources */,
				A5610FB7229EF73500C9B6C5 /* DurationConverter.swift in Sources */,
				A5E703A6229EB60000DBE636 /* Action.swift in Sources */,
				A5E703A4229EB48C00DBE636 /* State.swift in Sources */,
				A5610FB3229EF4B300C9B6C5 /* LapTableViewCell.swift in Sources */,
			);
			runOnlyForDeploymentPostprocessing = 0;
		};
		A5E70375229EA83900DBE636 /* Sources */ = {
			isa = PBXSourcesBuildPhase;
			buildActionMask = 2147483647;
			files = (
				A5E7037E229EA83900DBE636 /* AwesomeStopwatchTests.swift in Sources */,
			);
			runOnlyForDeploymentPostprocessing = 0;
		};
		A5E70380229EA83900DBE636 /* Sources */ = {
			isa = PBXSourcesBuildPhase;
			buildActionMask = 2147483647;
			files = (
				A5E70389229EA83900DBE636 /* AwesomeStopwatchUITests.swift in Sources */,
			);
			runOnlyForDeploymentPostprocessing = 0;
		};
/* End PBXSourcesBuildPhase section */

/* Begin PBXTargetDependency section */
		A5E7037B229EA83900DBE636 /* PBXTargetDependency */ = {
			isa = PBXTargetDependency;
			target = A5E70364229EA83800DBE636 /* AwesomeStopwatch */;
			targetProxy = A5E7037A229EA83900DBE636 /* PBXContainerItemProxy */;
		};
		A5E70386229EA83900DBE636 /* PBXTargetDependency */ = {
			isa = PBXTargetDependency;
			target = A5E70364229EA83800DBE636 /* AwesomeStopwatch */;
			targetProxy = A5E70385229EA83900DBE636 /* PBXContainerItemProxy */;
		};
/* End PBXTargetDependency section */

/* Begin PBXVariantGroup section */
		A5E7036C229EA83800DBE636 /* Main.storyboard */ = {
			isa = PBXVariantGroup;
			children = (
				A5E7036D229EA83800DBE636 /* Base */,
			);
			name = Main.storyboard;
			sourceTree = "<group>";
		};
		A5E70371229EA83900DBE636 /* LaunchScreen.storyboard */ = {
			isa = PBXVariantGroup;
			children = (
				A5E70372229EA83900DBE636 /* Base */,
			);
			name = LaunchScreen.storyboard;
			sourceTree = "<group>";
		};
/* End PBXVariantGroup section */

/* Begin XCBuildConfiguration section */
		A5E7038B229EA83900DBE636 /* Debug */ = {
			isa = XCBuildConfiguration;
			buildSettings = {
				ALWAYS_SEARCH_USER_PATHS = NO;
				CLANG_ANALYZER_NONNULL = YES;
				CLANG_ANALYZER_NUMBER_OBJECT_CONVERSION = YES_AGGRESSIVE;
				CLANG_CXX_LANGUAGE_STANDARD = "gnu++14";
				CLANG_CXX_LIBRARY = "libc++";
				CLANG_ENABLE_MODULES = YES;
				CLANG_ENABLE_OBJC_ARC = YES;
				CLANG_ENABLE_OBJC_WEAK = YES;
				CLANG_WARN_BLOCK_CAPTURE_AUTORELEASING = YES;
				CLANG_WARN_BOOL_CONVERSION = YES;
				CLANG_WARN_COMMA = YES;
				CLANG_WARN_CONSTANT_CONVERSION = YES;
				CLANG_WARN_DEPRECATED_OBJC_IMPLEMENTATIONS = YES;
				CLANG_WARN_DIRECT_OBJC_ISA_USAGE = YES_ERROR;
				CLANG_WARN_DOCUMENTATION_COMMENTS = YES;
				CLANG_WARN_EMPTY_BODY = YES;
				CLANG_WARN_ENUM_CONVERSION = YES;
				CLANG_WARN_INFINITE_RECURSION = YES;
				CLANG_WARN_INT_CONVERSION = YES;
				CLANG_WARN_NON_LITERAL_NULL_CONVERSION = YES;
				CLANG_WARN_OBJC_IMPLICIT_RETAIN_SELF = YES;
				CLANG_WARN_OBJC_LITERAL_CONVERSION = YES;
				CLANG_WARN_OBJC_ROOT_CLASS = YES_ERROR;
				CLANG_WARN_RANGE_LOOP_ANALYSIS = YES;
				CLANG_WARN_STRICT_PROTOTYPES = YES;
				CLANG_WARN_SUSPICIOUS_MOVE = YES;
				CLANG_WARN_UNGUARDED_AVAILABILITY = YES_AGGRESSIVE;
				CLANG_WARN_UNREACHABLE_CODE = YES;
				CLANG_WARN__DUPLICATE_METHOD_MATCH = YES;
				CODE_SIGN_IDENTITY = "iPhone Developer";
				COPY_PHASE_STRIP = NO;
				DEBUG_INFORMATION_FORMAT = dwarf;
				ENABLE_STRICT_OBJC_MSGSEND = YES;
				ENABLE_TESTABILITY = YES;
				GCC_C_LANGUAGE_STANDARD = gnu11;
				GCC_DYNAMIC_NO_PIC = NO;
				GCC_NO_COMMON_BLOCKS = YES;
				GCC_OPTIMIZATION_LEVEL = 0;
				GCC_PREPROCESSOR_DEFINITIONS = (
					"DEBUG=1",
					"$(inherited)",
				);
				GCC_WARN_64_TO_32_BIT_CONVERSION = YES;
				GCC_WARN_ABOUT_RETURN_TYPE = YES_ERROR;
				GCC_WARN_UNDECLARED_SELECTOR = YES;
				GCC_WARN_UNINITIALIZED_AUTOS = YES_AGGRESSIVE;
				GCC_WARN_UNUSED_FUNCTION = YES;
				GCC_WARN_UNUSED_VARIABLE = YES;
				IPHONEOS_DEPLOYMENT_TARGET = 10.0;
				MTL_ENABLE_DEBUG_INFO = INCLUDE_SOURCE;
				MTL_FAST_MATH = YES;
				ONLY_ACTIVE_ARCH = YES;
				SDKROOT = iphoneos;
				SWIFT_ACTIVE_COMPILATION_CONDITIONS = DEBUG;
				SWIFT_OPTIMIZATION_LEVEL = "-Onone";
				SWIFT_VERSION = 4.2;
			};
			name = Debug;
		};
		A5E7038C229EA83900DBE636 /* Release */ = {
			isa = XCBuildConfiguration;
			buildSettings = {
				ALWAYS_SEARCH_USER_PATHS = NO;
				CLANG_ANALYZER_NONNULL = YES;
				CLANG_ANALYZER_NUMBER_OBJECT_CONVERSION = YES_AGGRESSIVE;
				CLANG_CXX_LANGUAGE_STANDARD = "gnu++14";
				CLANG_CXX_LIBRARY = "libc++";
				CLANG_ENABLE_MODULES = YES;
				CLANG_ENABLE_OBJC_ARC = YES;
				CLANG_ENABLE_OBJC_WEAK = YES;
				CLANG_WARN_BLOCK_CAPTURE_AUTORELEASING = YES;
				CLANG_WARN_BOOL_CONVERSION = YES;
				CLANG_WARN_COMMA = YES;
				CLANG_WARN_CONSTANT_CONVERSION = YES;
				CLANG_WARN_DEPRECATED_OBJC_IMPLEMENTATIONS = YES;
				CLANG_WARN_DIRECT_OBJC_ISA_USAGE = YES_ERROR;
				CLANG_WARN_DOCUMENTATION_COMMENTS = YES;
				CLANG_WARN_EMPTY_BODY = YES;
				CLANG_WARN_ENUM_CONVERSION = YES;
				CLANG_WARN_INFINITE_RECURSION = YES;
				CLANG_WARN_INT_CONVERSION = YES;
				CLANG_WARN_NON_LITERAL_NULL_CONVERSION = YES;
				CLANG_WARN_OBJC_IMPLICIT_RETAIN_SELF = YES;
				CLANG_WARN_OBJC_LITERAL_CONVERSION = YES;
				CLANG_WARN_OBJC_ROOT_CLASS = YES_ERROR;
				CLANG_WARN_RANGE_LOOP_ANALYSIS = YES;
				CLANG_WARN_STRICT_PROTOTYPES = YES;
				CLANG_WARN_SUSPICIOUS_MOVE = YES;
				CLANG_WARN_UNGUARDED_AVAILABILITY = YES_AGGRESSIVE;
				CLANG_WARN_UNREACHABLE_CODE = YES;
				CLANG_WARN__DUPLICATE_METHOD_MATCH = YES;
				CODE_SIGN_IDENTITY = "iPhone Developer";
				COPY_PHASE_STRIP = NO;
				DEBUG_INFORMATION_FORMAT = "dwarf-with-dsym";
				ENABLE_NS_ASSERTIONS = NO;
				ENABLE_STRICT_OBJC_MSGSEND = YES;
				GCC_C_LANGUAGE_STANDARD = gnu11;
				GCC_NO_COMMON_BLOCKS = YES;
				GCC_WARN_64_TO_32_BIT_CONVERSION = YES;
				GCC_WARN_ABOUT_RETURN_TYPE = YES_ERROR;
				GCC_WARN_UNDECLARED_SELECTOR = YES;
				GCC_WARN_UNINITIALIZED_AUTOS = YES_AGGRESSIVE;
				GCC_WARN_UNUSED_FUNCTION = YES;
				GCC_WARN_UNUSED_VARIABLE = YES;
				IPHONEOS_DEPLOYMENT_TARGET = 10.0;
				MTL_ENABLE_DEBUG_INFO = NO;
				MTL_FAST_MATH = YES;
				SDKROOT = iphoneos;
				SWIFT_COMPILATION_MODE = wholemodule;
				SWIFT_OPTIMIZATION_LEVEL = "-O";
				SWIFT_VERSION = 4.2;
				VALIDATE_PRODUCT = YES;
			};
			name = Release;
		};
		A5E7038E229EA83900DBE636 /* Debug */ = {
			isa = XCBuildConfiguration;
			baseConfigurationReference = F4CF39F3498C0F152F472CD7 /* Pods-AwesomeStopwatch.debug.xcconfig */;
			buildSettings = {
				ASSETCATALOG_COMPILER_APPICON_NAME = AppIcon;
				CODE_SIGN_STYLE = Automatic;
				INFOPLIST_FILE = AwesomeStopwatch/Info.plist;
				LD_RUNPATH_SEARCH_PATHS = (
					"$(inherited)",
					"@executable_path/Frameworks",
				);
				PRODUCT_BUNDLE_IDENTIFIER = foo.bar.AwesomeStopwatch;
				PRODUCT_NAME = "$(TARGET_NAME)";
				TARGETED_DEVICE_FAMILY = "1,2";
			};
			name = Debug;
		};
		A5E7038F229EA83900DBE636 /* Release */ = {
			isa = XCBuildConfiguration;
			baseConfigurationReference = D8F53CF50515B83C6A597F95 /* Pods-AwesomeStopwatch.release.xcconfig */;
			buildSettings = {
				ASSETCATALOG_COMPILER_APPICON_NAME = AppIcon;
				CODE_SIGN_STYLE = Automatic;
				INFOPLIST_FILE = AwesomeStopwatch/Info.plist;
				LD_RUNPATH_SEARCH_PATHS = (
					"$(inherited)",
					"@executable_path/Frameworks",
				);
				PRODUCT_BUNDLE_IDENTIFIER = foo.bar.AwesomeStopwatch;
				PRODUCT_NAME = "$(TARGET_NAME)";
				TARGETED_DEVICE_FAMILY = "1,2";
			};
			name = Release;
		};
		A5E70391229EA83900DBE636 /* Debug */ = {
			isa = XCBuildConfiguration;
			baseConfigurationReference = 5614B4F5283C9E3A5DB63A75 /* Pods-AwesomeStopwatchTests.debug.xcconfig */;
			buildSettings = {
				ALWAYS_EMBED_SWIFT_STANDARD_LIBRARIES = YES;
				BUNDLE_LOADER = "$(TEST_HOST)";
				CODE_SIGN_STYLE = Automatic;
				INFOPLIST_FILE = AwesomeStopwatchTests/Info.plist;
				LD_RUNPATH_SEARCH_PATHS = (
					"$(inherited)",
					"@executable_path/Frameworks",
					"@loader_path/Frameworks",
				);
				PRODUCT_BUNDLE_IDENTIFIER = foo.bar.AwesomeStopwatchTests;
				PRODUCT_NAME = "$(TARGET_NAME)";
				TARGETED_DEVICE_FAMILY = "1,2";
				TEST_HOST = "$(BUILT_PRODUCTS_DIR)/AwesomeStopwatch.app/AwesomeStopwatch";
			};
			name = Debug;
		};
		A5E70392229EA83900DBE636 /* Release */ = {
			isa = XCBuildConfiguration;
			baseConfigurationReference = 3D4AC631784A18416C19DC7D /* Pods-AwesomeStopwatchTests.release.xcconfig */;
			buildSettings = {
				ALWAYS_EMBED_SWIFT_STANDARD_LIBRARIES = YES;
				BUNDLE_LOADER = "$(TEST_HOST)";
				CODE_SIGN_STYLE = Automatic;
				INFOPLIST_FILE = AwesomeStopwatchTests/Info.plist;
				LD_RUNPATH_SEARCH_PATHS = (
					"$(inherited)",
					"@executable_path/Frameworks",
					"@loader_path/Frameworks",
				);
				PRODUCT_BUNDLE_IDENTIFIER = foo.bar.AwesomeStopwatchTests;
				PRODUCT_NAME = "$(TARGET_NAME)";
				TARGETED_DEVICE_FAMILY = "1,2";
				TEST_HOST = "$(BUILT_PRODUCTS_DIR)/AwesomeStopwatch.app/AwesomeStopwatch";
			};
			name = Release;
		};
		A5E70394229EA83900DBE636 /* Debug */ = {
			isa = XCBuildConfiguration;
			baseConfigurationReference = 701A1C80E0E6B3F086D1BBFD /* Pods-AwesomeStopwatchUITests.debug.xcconfig */;
			buildSettings = {
				ALWAYS_EMBED_SWIFT_STANDARD_LIBRARIES = YES;
				CODE_SIGN_STYLE = Automatic;
				INFOPLIST_FILE = AwesomeStopwatchUITests/Info.plist;
				LD_RUNPATH_SEARCH_PATHS = (
					"$(inherited)",
					"@executable_path/Frameworks",
					"@loader_path/Frameworks",
				);
				PRODUCT_BUNDLE_IDENTIFIER = foo.bar.AwesomeStopwatchUITests;
				PRODUCT_NAME = "$(TARGET_NAME)";
				TARGETED_DEVICE_FAMILY = "1,2";
				TEST_TARGET_NAME = AwesomeStopwatch;
			};
			name = Debug;
		};
		A5E70395229EA83900DBE636 /* Release */ = {
			isa = XCBuildConfiguration;
			baseConfigurationReference = 1789CAD9A8FFA1C2A2515594 /* Pods-AwesomeStopwatchUITests.release.xcconfig */;
			buildSettings = {
				ALWAYS_EMBED_SWIFT_STANDARD_LIBRARIES = YES;
				CODE_SIGN_STYLE = Automatic;
				INFOPLIST_FILE = AwesomeStopwatchUITests/Info.plist;
				LD_RUNPATH_SEARCH_PATHS = (
					"$(inherited)",
					"@executable_path/Frameworks",
					"@loader_path/Frameworks",
				);
				PRODUCT_BUNDLE_IDENTIFIER = foo.bar.AwesomeStopwatchUITests;
				PRODUCT_NAME = "$(TARGET_NAME)";
				TARGETED_DEVICE_FAMILY = "1,2";
				TEST_TARGET_NAME = AwesomeStopwatch;
			};
			name = Release;
		};
/* End XCBuildConfiguration section */

/* Begin XCConfigurationList section */
		A5E70360229EA83800DBE636 /* Build configuration list for PBXProject "AwesomeStopwatch" */ = {
			isa = XCConfigurationList;
			buildConfigurations = (
				A5E7038B229EA83900DBE636 /* Debug */,
				A5E7038C229EA83900DBE636 /* Release */,
			);
			defaultConfigurationIsVisible = 0;
			defaultConfigurationName = Release;
		};
		A5E7038D229EA83900DBE636 /* Build configuration list for PBXNativeTarget "AwesomeStopwatch" */ = {
			isa = XCConfigurationList;
			buildConfigurations = (
				A5E7038E229EA83900DBE636 /* Debug */,
				A5E7038F229EA83900DBE636 /* Release */,
			);
			defaultConfigurationIsVisible = 0;
			defaultConfigurationName = Release;
		};
		A5E70390229EA83900DBE636 /* Build configuration list for PBXNativeTarget "AwesomeStopwatchTests" */ = {
			isa = XCConfigurationList;
			buildConfigurations = (
				A5E70391229EA83900DBE636 /* Debug */,
				A5E70392229EA83900DBE636 /* Release */,
			);
			defaultConfigurationIsVisible = 0;
			defaultConfigurationName = Release;
		};
		A5E70393229EA83900DBE636 /* Build configuration list for PBXNativeTarget "AwesomeStopwatchUITests" */ = {
			isa = XCConfigurationList;
			buildConfigurations = (
				A5E70394229EA83900DBE636 /* Debug */,
				A5E70395229EA83900DBE636 /* Release */,
			);
			defaultConfigurationIsVisible = 0;
			defaultConfigurationName = Release;
		};
/* End XCConfigurationList section */
	};
	rootObject = A5E7035D229EA83800DBE636 /* Project object */;
}
